
Microsoft Visual Studio Solution File, Format Version 12.00
# Visual Studio Version 16
VisualStudioVersion = 16.0.31112.23
MinimumVisualStudioVersion = 10.0.40219.1
Project("{FAE04EC0-301F-11D3-BF4B-00C04F79EFBC}") = "Hello World!", "Hello World!\Hello World!.csproj", "{591649B4-5389-4FB9-BDD7-0177E8BBCF0D}"
EndProject
Project("{FAE04EC0-301F-11D3-BF4B-00C04F79EFBC}") = "strona125", "strona125\strona125.csproj", "{A834D458-BE97-4B91-8C47-D5D429C45C49}"
EndProject
Project("{FAE04EC0-301F-11D3-BF4B-00C04F79EFBC}") = "strona126", "strona126\strona126.csproj", "{0B36CD97-4F70-492F-B9B6-3D4B97B7D20C}"
EndProject
Project("{FAE04EC0-301F-11D3-BF4B-00C04F79EFBC}") = "Ratuj ludzi", "Ratuj ludzi\Ratuj ludzi.csproj", "{C1E6A231-0884-4356-B5B1-DE7D479EC2DF}"
EndProject
Project("{FAE04EC0-301F-11D3-BF4B-00C04F79EFBC}") = "strona140", "strona140\strona140.csproj", "{0A97C6A4-78A1-4FBB-8788-AA0212EC7962}"
EndProject
Project("{FAE04EC0-301F-11D3-BF4B-00C04F79EFBC}") = "strona147", "strona147\strona147.csproj", "{8BA2B9E6-E052-46FF-916C-23D52FFA4920}"
EndProject
Project("{FAE04EC0-301F-11D3-BF4B-00C04F79EFBC}") = "strona171", "strona171\strona171.csproj", "{6620A99B-76B3-48AC-A942-A28675EE9CB9}"
EndProject
Project("{FAE04EC0-301F-11D3-BF4B-00C04F79EFBC}") = "strona186", "strona186\strona186.csproj", "{71698194-ED9E-4208-A4C1-5535FE7AA9CE}"
EndProject
Project("{FAE04EC0-301F-11D3-BF4B-00C04F79EFBC}") = "strona191", "strona191\strona191.csproj", "{9B37951E-FC3A-46D7-8A9F-F21CEB039DF1}"
EndProject
Project("{FAE04EC0-301F-11D3-BF4B-00C04F79EFBC}") = "strona201", "strona201\strona201.csproj", "{C388803F-F3D8-42BF-8E87-A071A3CFE2C3}"
EndProject
Project("{FAE04EC0-301F-11D3-BF4B-00C04F79EFBC}") = "strona207", "strona207\strona207.csproj", "{891FE1B9-5961-44F9-BFA3-C40E869008D7}"
EndProject
Project("{9A19103F-16F7-4668-BE54-9A1E7A4F7556}") = "strona215", "strona215\strona215.csproj", "{50645650-4EBA-4A1C-9E53-C8063D7159AF}"
EndProject
Project("{9A19103F-16F7-4668-BE54-9A1E7A4F7556}") = "strona219", "strona219\strona219.csproj", "{F0A4A24E-2CCC-411C-914E-B4A18A0493A4}"
EndProject
Project("{FAE04EC0-301F-11D3-BF4B-00C04F79EFBC}") = "strona240", "strona240\strona240.csproj", "{F7744102-CCFB-4274-926F-EE11D1BD013B}"
EndProject
Project("{FAE04EC0-301F-11D3-BF4B-00C04F79EFBC}") = "strona262", "strona262\strona262.csproj", "{55BD004A-5274-4B32-A57C-D0A3A6FDD704}"
EndProject
Project("{FAE04EC0-301F-11D3-BF4B-00C04F79EFBC}") = "strona270", "strona270\strona270.csproj", "{88EEF058-D7C9-49B3-8437-16BCFC7A1F2F}"
EndProject
Project("{FAE04EC0-301F-11D3-BF4B-00C04F79EFBC}") = "strona277", "strona277\strona277.csproj", "{A78A4B94-D053-44F7-9DF6-8BD854D4DD4E}"
EndProject
Project("{9A19103F-16F7-4668-BE54-9A1E7A4F7556}") = "strona304", "strona304\strona304.csproj", "{8EA76120-0B1B-4790-ACEB-0A007D9A0785}"
EndProject
Project("{9A19103F-16F7-4668-BE54-9A1E7A4F7556}") = "strona311", "strona311\strona311.csproj", "{7478F3E7-38EB-4678-B913-18772F140BA8}"
EndProject
Project("{FAE04EC0-301F-11D3-BF4B-00C04F79EFBC}") = "strona312", "strona312\strona312.csproj", "{8E579DE9-AC44-4A7F-B897-E9FE68BC4FEE}"
EndProject
Project("{FAE04EC0-301F-11D3-BF4B-00C04F79EFBC}") = "strona320", "strona320\strona320.csproj", "{12652EEC-106E-4CC6-9A25-E17512186954}"
EndProject
Project("{9A19103F-16F7-4668-BE54-9A1E7A4F7556}") = "zadanie1", "zadanie1\zadanie1.csproj", "{A6728746-0F5C-4608-979F-0E5000FB08C8}"
EndProject
Project("{FAE04EC0-301F-11D3-BF4B-00C04F79EFBC}") = "strona335", "strona335\strona335.csproj", "{F551763D-71D8-4ADF-85B0-BADCB6ADDF8C}"
EndProject
Project("{FAE04EC0-301F-11D3-BF4B-00C04F79EFBC}") = "strona336", "strona336\strona336.csproj", "{85F4F84F-461D-41D1-AFBA-4D4A503A9361}"
EndProject
Project("{9A19103F-16F7-4668-BE54-9A1E7A4F7556}") = "FileOperations", "FileOperations\FileOperations.csproj", "{0AFF5E20-9A99-4B04-8882-5C423EDD9A11}"
EndProject
Project("{FAE04EC0-301F-11D3-BF4B-00C04F79EFBC}") = "strona349", "strona349\strona349.csproj", "{4EBF6DA6-972F-40F0-8CAB-84FFB052625E}"
EndProject
Project("{9A19103F-16F7-4668-BE54-9A1E7A4F7556}") = "strona368", "strona368\strona368.csproj", "{C7EF41EA-CC9A-4CEB-8846-343490A22753}"
EndProject
Project("{9A19103F-16F7-4668-BE54-9A1E7A4F7556}") = "strona389", "strona389\strona389.csproj", "{61EEC167-0F8C-43A7-AD57-26D5D11161FA}"
EndProject
Project("{FAE04EC0-301F-11D3-BF4B-00C04F79EFBC}") = "strona397", "strona397\strona397.csproj", "{77CC6009-D019-4A55-81C5-E3DD63FB4868}"
EndProject
Project("{FAE04EC0-301F-11D3-BF4B-00C04F79EFBC}") = "strona403", "strona403\strona403.csproj", "{CFC5AEF4-E46B-4DC5-9A17-8F2B1C0D88F2}"
EndProject
Project("{FAE04EC0-301F-11D3-BF4B-00C04F79EFBC}") = "strona409", "strona409\strona409.csproj", "{42E140F5-63BA-47E4-AA92-BDD6822EEF7E}"
EndProject
Project("{9A19103F-16F7-4668-BE54-9A1E7A4F7556}") = "strona414", "strona414\strona414.csproj", "{79CE4FAA-5B2A-44AE-9AB1-47E0B58538C4}"
EndProject
Project("{9A19103F-16F7-4668-BE54-9A1E7A4F7556}") = "strona415", "strona415\strona415.csproj", "{2B1BD8C2-999D-4E26-8B38-107A2F62201C}"
EndProject
Project("{9A19103F-16F7-4668-BE54-9A1E7A4F7556}") = "strona416", "strona416\strona416.csproj", "{8C5F2B3A-AF73-4F07-9CA1-AD02C3356B6E}"
EndProject
Project("{9A19103F-16F7-4668-BE54-9A1E7A4F7556}") = "strona423", "strona423\strona423.csproj", "{6B0D7BB6-1A3D-43EF-BE6D-2A9A413C2FDB}"
EndProject
Project("{FAE04EC0-301F-11D3-BF4B-00C04F79EFBC}") = "strona424", "strona424\strona424.csproj", "{7725AFD7-AC36-4199-BD32-DC0A245F82ED}"
EndProject
Global
	GlobalSection(SolutionConfigurationPlatforms) = preSolution
		Debug|Any CPU = Debug|Any CPU
		Release|Any CPU = Release|Any CPU
	EndGlobalSection
	GlobalSection(ProjectConfigurationPlatforms) = postSolution
		{591649B4-5389-4FB9-BDD7-0177E8BBCF0D}.Debug|Any CPU.ActiveCfg = Debug|Any CPU
		{591649B4-5389-4FB9-BDD7-0177E8BBCF0D}.Debug|Any CPU.Build.0 = Debug|Any CPU
		{591649B4-5389-4FB9-BDD7-0177E8BBCF0D}.Release|Any CPU.ActiveCfg = Release|Any CPU
		{591649B4-5389-4FB9-BDD7-0177E8BBCF0D}.Release|Any CPU.Build.0 = Release|Any CPU
		{A834D458-BE97-4B91-8C47-D5D429C45C49}.Debug|Any CPU.ActiveCfg = Debug|Any CPU
		{A834D458-BE97-4B91-8C47-D5D429C45C49}.Debug|Any CPU.Build.0 = Debug|Any CPU
		{A834D458-BE97-4B91-8C47-D5D429C45C49}.Release|Any CPU.ActiveCfg = Release|Any CPU
		{A834D458-BE97-4B91-8C47-D5D429C45C49}.Release|Any CPU.Build.0 = Release|Any CPU
		{0B36CD97-4F70-492F-B9B6-3D4B97B7D20C}.Debug|Any CPU.ActiveCfg = Debug|Any CPU
		{0B36CD97-4F70-492F-B9B6-3D4B97B7D20C}.Debug|Any CPU.Build.0 = Debug|Any CPU
		{0B36CD97-4F70-492F-B9B6-3D4B97B7D20C}.Release|Any CPU.ActiveCfg = Release|Any CPU
		{0B36CD97-4F70-492F-B9B6-3D4B97B7D20C}.Release|Any CPU.Build.0 = Release|Any CPU
		{C1E6A231-0884-4356-B5B1-DE7D479EC2DF}.Debug|Any CPU.ActiveCfg = Debug|Any CPU
		{C1E6A231-0884-4356-B5B1-DE7D479EC2DF}.Debug|Any CPU.Build.0 = Debug|Any CPU
		{C1E6A231-0884-4356-B5B1-DE7D479EC2DF}.Release|Any CPU.ActiveCfg = Release|Any CPU
		{C1E6A231-0884-4356-B5B1-DE7D479EC2DF}.Release|Any CPU.Build.0 = Release|Any CPU
		{0A97C6A4-78A1-4FBB-8788-AA0212EC7962}.Debug|Any CPU.ActiveCfg = Debug|Any CPU
		{0A97C6A4-78A1-4FBB-8788-AA0212EC7962}.Debug|Any CPU.Build.0 = Debug|Any CPU
		{0A97C6A4-78A1-4FBB-8788-AA0212EC7962}.Release|Any CPU.ActiveCfg = Release|Any CPU
		{0A97C6A4-78A1-4FBB-8788-AA0212EC7962}.Release|Any CPU.Build.0 = Release|Any CPU
		{8BA2B9E6-E052-46FF-916C-23D52FFA4920}.Debug|Any CPU.ActiveCfg = Debug|Any CPU
		{8BA2B9E6-E052-46FF-916C-23D52FFA4920}.Debug|Any CPU.Build.0 = Debug|Any CPU
		{8BA2B9E6-E052-46FF-916C-23D52FFA4920}.Release|Any CPU.ActiveCfg = Release|Any CPU
		{8BA2B9E6-E052-46FF-916C-23D52FFA4920}.Release|Any CPU.Build.0 = Release|Any CPU
		{6620A99B-76B3-48AC-A942-A28675EE9CB9}.Debug|Any CPU.ActiveCfg = Debug|Any CPU
		{6620A99B-76B3-48AC-A942-A28675EE9CB9}.Debug|Any CPU.Build.0 = Debug|Any CPU
		{6620A99B-76B3-48AC-A942-A28675EE9CB9}.Release|Any CPU.ActiveCfg = Release|Any CPU
		{6620A99B-76B3-48AC-A942-A28675EE9CB9}.Release|Any CPU.Build.0 = Release|Any CPU
		{71698194-ED9E-4208-A4C1-5535FE7AA9CE}.Debug|Any CPU.ActiveCfg = Debug|Any CPU
		{71698194-ED9E-4208-A4C1-5535FE7AA9CE}.Debug|Any CPU.Build.0 = Debug|Any CPU
		{71698194-ED9E-4208-A4C1-5535FE7AA9CE}.Release|Any CPU.ActiveCfg = Release|Any CPU
		{71698194-ED9E-4208-A4C1-5535FE7AA9CE}.Release|Any CPU.Build.0 = Release|Any CPU
		{9B37951E-FC3A-46D7-8A9F-F21CEB039DF1}.Debug|Any CPU.ActiveCfg = Debug|Any CPU
		{9B37951E-FC3A-46D7-8A9F-F21CEB039DF1}.Debug|Any CPU.Build.0 = Debug|Any CPU
		{9B37951E-FC3A-46D7-8A9F-F21CEB039DF1}.Release|Any CPU.ActiveCfg = Release|Any CPU
		{9B37951E-FC3A-46D7-8A9F-F21CEB039DF1}.Release|Any CPU.Build.0 = Release|Any CPU
		{C388803F-F3D8-42BF-8E87-A071A3CFE2C3}.Debug|Any CPU.ActiveCfg = Debug|Any CPU
		{C388803F-F3D8-42BF-8E87-A071A3CFE2C3}.Debug|Any CPU.Build.0 = Debug|Any CPU
		{C388803F-F3D8-42BF-8E87-A071A3CFE2C3}.Release|Any CPU.ActiveCfg = Release|Any CPU
		{C388803F-F3D8-42BF-8E87-A071A3CFE2C3}.Release|Any CPU.Build.0 = Release|Any CPU
		{891FE1B9-5961-44F9-BFA3-C40E869008D7}.Debug|Any CPU.ActiveCfg = Debug|Any CPU
		{891FE1B9-5961-44F9-BFA3-C40E869008D7}.Debug|Any CPU.Build.0 = Debug|Any CPU
		{891FE1B9-5961-44F9-BFA3-C40E869008D7}.Release|Any CPU.ActiveCfg = Release|Any CPU
		{891FE1B9-5961-44F9-BFA3-C40E869008D7}.Release|Any CPU.Build.0 = Release|Any CPU
		{50645650-4EBA-4A1C-9E53-C8063D7159AF}.Debug|Any CPU.ActiveCfg = Debug|Any CPU
		{50645650-4EBA-4A1C-9E53-C8063D7159AF}.Debug|Any CPU.Build.0 = Debug|Any CPU
		{50645650-4EBA-4A1C-9E53-C8063D7159AF}.Release|Any CPU.ActiveCfg = Release|Any CPU
		{50645650-4EBA-4A1C-9E53-C8063D7159AF}.Release|Any CPU.Build.0 = Release|Any CPU
		{F0A4A24E-2CCC-411C-914E-B4A18A0493A4}.Debug|Any CPU.ActiveCfg = Debug|Any CPU
		{F0A4A24E-2CCC-411C-914E-B4A18A0493A4}.Debug|Any CPU.Build.0 = Debug|Any CPU
		{F0A4A24E-2CCC-411C-914E-B4A18A0493A4}.Release|Any CPU.ActiveCfg = Release|Any CPU
		{F0A4A24E-2CCC-411C-914E-B4A18A0493A4}.Release|Any CPU.Build.0 = Release|Any CPU
		{F7744102-CCFB-4274-926F-EE11D1BD013B}.Debug|Any CPU.ActiveCfg = Debug|Any CPU
		{F7744102-CCFB-4274-926F-EE11D1BD013B}.Debug|Any CPU.Build.0 = Debug|Any CPU
		{F7744102-CCFB-4274-926F-EE11D1BD013B}.Release|Any CPU.ActiveCfg = Release|Any CPU
		{F7744102-CCFB-4274-926F-EE11D1BD013B}.Release|Any CPU.Build.0 = Release|Any CPU
		{55BD004A-5274-4B32-A57C-D0A3A6FDD704}.Debug|Any CPU.ActiveCfg = Debug|Any CPU
		{55BD004A-5274-4B32-A57C-D0A3A6FDD704}.Debug|Any CPU.Build.0 = Debug|Any CPU
		{55BD004A-5274-4B32-A57C-D0A3A6FDD704}.Release|Any CPU.ActiveCfg = Release|Any CPU
		{55BD004A-5274-4B32-A57C-D0A3A6FDD704}.Release|Any CPU.Build.0 = Release|Any CPU
		{88EEF058-D7C9-49B3-8437-16BCFC7A1F2F}.Debug|Any CPU.ActiveCfg = Debug|Any CPU
		{88EEF058-D7C9-49B3-8437-16BCFC7A1F2F}.Debug|Any CPU.Build.0 = Debug|Any CPU
		{88EEF058-D7C9-49B3-8437-16BCFC7A1F2F}.Release|Any CPU.ActiveCfg = Release|Any CPU
		{88EEF058-D7C9-49B3-8437-16BCFC7A1F2F}.Release|Any CPU.Build.0 = Release|Any CPU
		{A78A4B94-D053-44F7-9DF6-8BD854D4DD4E}.Debug|Any CPU.ActiveCfg = Debug|Any CPU
		{A78A4B94-D053-44F7-9DF6-8BD854D4DD4E}.Debug|Any CPU.Build.0 = Debug|Any CPU
		{A78A4B94-D053-44F7-9DF6-8BD854D4DD4E}.Release|Any CPU.ActiveCfg = Release|Any CPU
		{A78A4B94-D053-44F7-9DF6-8BD854D4DD4E}.Release|Any CPU.Build.0 = Release|Any CPU
		{8EA76120-0B1B-4790-ACEB-0A007D9A0785}.Debug|Any CPU.ActiveCfg = Debug|Any CPU
		{8EA76120-0B1B-4790-ACEB-0A007D9A0785}.Debug|Any CPU.Build.0 = Debug|Any CPU
		{8EA76120-0B1B-4790-ACEB-0A007D9A0785}.Release|Any CPU.ActiveCfg = Release|Any CPU
		{8EA76120-0B1B-4790-ACEB-0A007D9A0785}.Release|Any CPU.Build.0 = Release|Any CPU
		{7478F3E7-38EB-4678-B913-18772F140BA8}.Debug|Any CPU.ActiveCfg = Debug|Any CPU
		{7478F3E7-38EB-4678-B913-18772F140BA8}.Debug|Any CPU.Build.0 = Debug|Any CPU
		{7478F3E7-38EB-4678-B913-18772F140BA8}.Release|Any CPU.ActiveCfg = Release|Any CPU
		{7478F3E7-38EB-4678-B913-18772F140BA8}.Release|Any CPU.Build.0 = Release|Any CPU
		{8E579DE9-AC44-4A7F-B897-E9FE68BC4FEE}.Debug|Any CPU.ActiveCfg = Debug|Any CPU
		{8E579DE9-AC44-4A7F-B897-E9FE68BC4FEE}.Debug|Any CPU.Build.0 = Debug|Any CPU
		{8E579DE9-AC44-4A7F-B897-E9FE68BC4FEE}.Release|Any CPU.ActiveCfg = Release|Any CPU
		{8E579DE9-AC44-4A7F-B897-E9FE68BC4FEE}.Release|Any CPU.Build.0 = Release|Any CPU
		{12652EEC-106E-4CC6-9A25-E17512186954}.Debug|Any CPU.ActiveCfg = Debug|Any CPU
		{12652EEC-106E-4CC6-9A25-E17512186954}.Debug|Any CPU.Build.0 = Debug|Any CPU
		{12652EEC-106E-4CC6-9A25-E17512186954}.Release|Any CPU.ActiveCfg = Release|Any CPU
		{12652EEC-106E-4CC6-9A25-E17512186954}.Release|Any CPU.Build.0 = Release|Any CPU
		{A6728746-0F5C-4608-979F-0E5000FB08C8}.Debug|Any CPU.ActiveCfg = Debug|Any CPU
		{A6728746-0F5C-4608-979F-0E5000FB08C8}.Debug|Any CPU.Build.0 = Debug|Any CPU
		{A6728746-0F5C-4608-979F-0E5000FB08C8}.Release|Any CPU.ActiveCfg = Release|Any CPU
		{A6728746-0F5C-4608-979F-0E5000FB08C8}.Release|Any CPU.Build.0 = Release|Any CPU
		{F551763D-71D8-4ADF-85B0-BADCB6ADDF8C}.Debug|Any CPU.ActiveCfg = Debug|Any CPU
		{F551763D-71D8-4ADF-85B0-BADCB6ADDF8C}.Debug|Any CPU.Build.0 = Debug|Any CPU
		{F551763D-71D8-4ADF-85B0-BADCB6ADDF8C}.Release|Any CPU.ActiveCfg = Release|Any CPU
		{F551763D-71D8-4ADF-85B0-BADCB6ADDF8C}.Release|Any CPU.Build.0 = Release|Any CPU
		{85F4F84F-461D-41D1-AFBA-4D4A503A9361}.Debug|Any CPU.ActiveCfg = Debug|Any CPU
		{85F4F84F-461D-41D1-AFBA-4D4A503A9361}.Debug|Any CPU.Build.0 = Debug|Any CPU
		{85F4F84F-461D-41D1-AFBA-4D4A503A9361}.Release|Any CPU.ActiveCfg = Release|Any CPU
		{85F4F84F-461D-41D1-AFBA-4D4A503A9361}.Release|Any CPU.Build.0 = Release|Any CPU
		{0AFF5E20-9A99-4B04-8882-5C423EDD9A11}.Debug|Any CPU.ActiveCfg = Debug|Any CPU
		{0AFF5E20-9A99-4B04-8882-5C423EDD9A11}.Debug|Any CPU.Build.0 = Debug|Any CPU
		{0AFF5E20-9A99-4B04-8882-5C423EDD9A11}.Release|Any CPU.ActiveCfg = Release|Any CPU
		{0AFF5E20-9A99-4B04-8882-5C423EDD9A11}.Release|Any CPU.Build.0 = Release|Any CPU
		{4EBF6DA6-972F-40F0-8CAB-84FFB052625E}.Debug|Any CPU.ActiveCfg = Debug|Any CPU
		{4EBF6DA6-972F-40F0-8CAB-84FFB052625E}.Debug|Any CPU.Build.0 = Debug|Any CPU
		{4EBF6DA6-972F-40F0-8CAB-84FFB052625E}.Release|Any CPU.ActiveCfg = Release|Any CPU
		{4EBF6DA6-972F-40F0-8CAB-84FFB052625E}.Release|Any CPU.Build.0 = Release|Any CPU
		{C7EF41EA-CC9A-4CEB-8846-343490A22753}.Debug|Any CPU.ActiveCfg = Debug|Any CPU
		{C7EF41EA-CC9A-4CEB-8846-343490A22753}.Debug|Any CPU.Build.0 = Debug|Any CPU
		{C7EF41EA-CC9A-4CEB-8846-343490A22753}.Release|Any CPU.ActiveCfg = Release|Any CPU
		{C7EF41EA-CC9A-4CEB-8846-343490A22753}.Release|Any CPU.Build.0 = Release|Any CPU
		{61EEC167-0F8C-43A7-AD57-26D5D11161FA}.Debug|Any CPU.ActiveCfg = Debug|Any CPU
		{61EEC167-0F8C-43A7-AD57-26D5D11161FA}.Debug|Any CPU.Build.0 = Debug|Any CPU
		{61EEC167-0F8C-43A7-AD57-26D5D11161FA}.Release|Any CPU.ActiveCfg = Release|Any CPU
		{61EEC167-0F8C-43A7-AD57-26D5D11161FA}.Release|Any CPU.Build.0 = Release|Any CPU
		{77CC6009-D019-4A55-81C5-E3DD63FB4868}.Debug|Any CPU.ActiveCfg = Debug|Any CPU
		{77CC6009-D019-4A55-81C5-E3DD63FB4868}.Debug|Any CPU.Build.0 = Debug|Any CPU
		{77CC6009-D019-4A55-81C5-E3DD63FB4868}.Release|Any CPU.ActiveCfg = Release|Any CPU
		{77CC6009-D019-4A55-81C5-E3DD63FB4868}.Release|Any CPU.Build.0 = Release|Any CPU
		{CFC5AEF4-E46B-4DC5-9A17-8F2B1C0D88F2}.Debug|Any CPU.ActiveCfg = Debug|Any CPU
		{CFC5AEF4-E46B-4DC5-9A17-8F2B1C0D88F2}.Debug|Any CPU.Build.0 = Debug|Any CPU
		{CFC5AEF4-E46B-4DC5-9A17-8F2B1C0D88F2}.Release|Any CPU.ActiveCfg = Release|Any CPU
		{CFC5AEF4-E46B-4DC5-9A17-8F2B1C0D88F2}.Release|Any CPU.Build.0 = Release|Any CPU
		{42E140F5-63BA-47E4-AA92-BDD6822EEF7E}.Debug|Any CPU.ActiveCfg = Debug|Any CPU
		{42E140F5-63BA-47E4-AA92-BDD6822EEF7E}.Debug|Any CPU.Build.0 = Debug|Any CPU
		{42E140F5-63BA-47E4-AA92-BDD6822EEF7E}.Release|Any CPU.ActiveCfg = Release|Any CPU
		{42E140F5-63BA-47E4-AA92-BDD6822EEF7E}.Release|Any CPU.Build.0 = Release|Any CPU
		{79CE4FAA-5B2A-44AE-9AB1-47E0B58538C4}.Debug|Any CPU.ActiveCfg = Debug|Any CPU
		{79CE4FAA-5B2A-44AE-9AB1-47E0B58538C4}.Debug|Any CPU.Build.0 = Debug|Any CPU
		{79CE4FAA-5B2A-44AE-9AB1-47E0B58538C4}.Release|Any CPU.ActiveCfg = Release|Any CPU
		{79CE4FAA-5B2A-44AE-9AB1-47E0B58538C4}.Release|Any CPU.Build.0 = Release|Any CPU
		{2B1BD8C2-999D-4E26-8B38-107A2F62201C}.Debug|Any CPU.ActiveCfg = Debug|Any CPU
		{2B1BD8C2-999D-4E26-8B38-107A2F62201C}.Debug|Any CPU.Build.0 = Debug|Any CPU
		{2B1BD8C2-999D-4E26-8B38-107A2F62201C}.Release|Any CPU.ActiveCfg = Release|Any CPU
		{2B1BD8C2-999D-4E26-8B38-107A2F62201C}.Release|Any CPU.Build.0 = Release|Any CPU
		{8C5F2B3A-AF73-4F07-9CA1-AD02C3356B6E}.Debug|Any CPU.ActiveCfg = Debug|Any CPU
		{8C5F2B3A-AF73-4F07-9CA1-AD02C3356B6E}.Debug|Any CPU.Build.0 = Debug|Any CPU
		{8C5F2B3A-AF73-4F07-9CA1-AD02C3356B6E}.Release|Any CPU.ActiveCfg = Release|Any CPU
		{8C5F2B3A-AF73-4F07-9CA1-AD02C3356B6E}.Release|Any CPU.Build.0 = Release|Any CPU
		{6B0D7BB6-1A3D-43EF-BE6D-2A9A413C2FDB}.Debug|Any CPU.ActiveCfg = Debug|Any CPU
		{6B0D7BB6-1A3D-43EF-BE6D-2A9A413C2FDB}.Debug|Any CPU.Build.0 = Debug|Any CPU
		{6B0D7BB6-1A3D-43EF-BE6D-2A9A413C2FDB}.Release|Any CPU.ActiveCfg = Release|Any CPU
		{6B0D7BB6-1A3D-43EF-BE6D-2A9A413C2FDB}.Release|Any CPU.Build.0 = Release|Any CPU
		{7725AFD7-AC36-4199-BD32-DC0A245F82ED}.Debug|Any CPU.ActiveCfg = Debug|Any CPU
		{7725AFD7-AC36-4199-BD32-DC0A245F82ED}.Debug|Any CPU.Build.0 = Debug|Any CPU
		{7725AFD7-AC36-4199-BD32-DC0A245F82ED}.Release|Any CPU.ActiveCfg = Release|Any CPU
		{7725AFD7-AC36-4199-BD32-DC0A245F82ED}.Release|Any CPU.Build.0 = Release|Any CPU
	EndGlobalSection
	GlobalSection(SolutionProperties) = preSolution
		HideSolutionNode = FALSE
	EndGlobalSection
	GlobalSection(ExtensibilityGlobals) = postSolution
		SolutionGuid = {A76CDA05-B4B4-445C-B025-90FE577083A3}
	EndGlobalSection
EndGlobal
