
Microsoft Visual Studio Solution File, Format Version 12.00
# Visual Studio Version 16
VisualStudioVersion = 16.0.31112.23
MinimumVisualStudioVersion = 10.0.40219.1
Project("{FAE04EC0-301F-11D3-BF4B-00C04F79EFBC}") = "Hello World!", "Hello World!\Hello World!.csproj", "{591649B4-5389-4FB9-BDD7-0177E8BBCF0D}"
EndProject
Global
	GlobalSection(SolutionConfigurationPlatforms) = preSolution
		Debug|Any CPU = Debug|Any CPU
		Release|Any CPU = Release|Any CPU
	EndGlobalSection
	GlobalSection(ProjectConfigurationPlatforms) = postSolution
		{591649B4-5389-4FB9-BDD7-0177E8BBCF0D}.Debug|Any CPU.ActiveCfg = Debug|Any CPU
		{591649B4-5389-4FB9-BDD7-0177E8BBCF0D}.Debug|Any CPU.Build.0 = Debug|Any CPU
		{591649B4-5389-4FB9-BDD7-0177E8BBCF0D}.Release|Any CPU.ActiveCfg = Release|Any CPU
		{591649B4-5389-4FB9-BDD7-0177E8BBCF0D}.Release|Any CPU.Build.0 = Release|Any CPU
	EndGlobalSection
	GlobalSection(SolutionProperties) = preSolution
		HideSolutionNode = FALSE
	EndGlobalSection
	GlobalSection(ExtensibilityGlobals) = postSolution
		SolutionGuid = {A76CDA05-B4B4-445C-B025-90FE577083A3}
	EndGlobalSection
EndGlobal
