
Microsoft Visual Studio Solution File, Format Version 12.00
# Visual Studio Version 16
VisualStudioVersion = 16.0.31112.23
MinimumVisualStudioVersion = 10.0.40219.1
Project("{FAE04EC0-301F-11D3-BF4B-00C04F79EFBC}") = "Hello World!", "Hello World!\Hello World!.csproj", "{591649B4-5389-4FB9-BDD7-0177E8BBCF0D}"
EndProject
Project("{FAE04EC0-301F-11D3-BF4B-00C04F79EFBC}") = "strona125", "strona125\strona125.csproj", "{A834D458-BE97-4B91-8C47-D5D429C45C49}"
EndProject
Project("{FAE04EC0-301F-11D3-BF4B-00C04F79EFBC}") = "strona126", "strona126\strona126.csproj", "{0B36CD97-4F70-492F-B9B6-3D4B97B7D20C}"
EndProject
Project("{FAE04EC0-301F-11D3-BF4B-00C04F79EFBC}") = "Ratuj ludzi", "Ratuj ludzi\Ratuj ludzi.csproj", "{C1E6A231-0884-4356-B5B1-DE7D479EC2DF}"
EndProject
Project("{FAE04EC0-301F-11D3-BF4B-00C04F79EFBC}") = "strona140", "strona140\strona140.csproj", "{0A97C6A4-78A1-4FBB-8788-AA0212EC7962}"
EndProject
Project("{FAE04EC0-301F-11D3-BF4B-00C04F79EFBC}") = "strona147", "strona147\strona147.csproj", "{8BA2B9E6-E052-46FF-916C-23D52FFA4920}"
EndProject
Project("{FAE04EC0-301F-11D3-BF4B-00C04F79EFBC}") = "strona171", "strona171\strona171.csproj", "{6620A99B-76B3-48AC-A942-A28675EE9CB9}"
EndProject
Project("{FAE04EC0-301F-11D3-BF4B-00C04F79EFBC}") = "strona186", "strona186\strona186.csproj", "{71698194-ED9E-4208-A4C1-5535FE7AA9CE}"
EndProject
Project("{FAE04EC0-301F-11D3-BF4B-00C04F79EFBC}") = "strona191", "strona191\strona191.csproj", "{9B37951E-FC3A-46D7-8A9F-F21CEB039DF1}"
EndProject
Project("{FAE04EC0-301F-11D3-BF4B-00C04F79EFBC}") = "strona201", "strona201\strona201.csproj", "{C388803F-F3D8-42BF-8E87-A071A3CFE2C3}"
EndProject
Project("{FAE04EC0-301F-11D3-BF4B-00C04F79EFBC}") = "strona207", "strona207\strona207.csproj", "{891FE1B9-5961-44F9-BFA3-C40E869008D7}"
EndProject
Project("{FAE04EC0-301F-11D3-BF4B-00C04F79EFBC}") = "strona215", "strona215\strona215.csproj", "{50645650-4EBA-4A1C-9E53-C8063D7159AF}"
EndProject
Global
	GlobalSection(SolutionConfigurationPlatforms) = preSolution
		Debug|Any CPU = Debug|Any CPU
		Release|Any CPU = Release|Any CPU
	EndGlobalSection
	GlobalSection(ProjectConfigurationPlatforms) = postSolution
		{591649B4-5389-4FB9-BDD7-0177E8BBCF0D}.Debug|Any CPU.ActiveCfg = Debug|Any CPU
		{591649B4-5389-4FB9-BDD7-0177E8BBCF0D}.Debug|Any CPU.Build.0 = Debug|Any CPU
		{591649B4-5389-4FB9-BDD7-0177E8BBCF0D}.Release|Any CPU.ActiveCfg = Release|Any CPU
		{591649B4-5389-4FB9-BDD7-0177E8BBCF0D}.Release|Any CPU.Build.0 = Release|Any CPU
		{A834D458-BE97-4B91-8C47-D5D429C45C49}.Debug|Any CPU.ActiveCfg = Debug|Any CPU
		{A834D458-BE97-4B91-8C47-D5D429C45C49}.Debug|Any CPU.Build.0 = Debug|Any CPU
		{A834D458-BE97-4B91-8C47-D5D429C45C49}.Release|Any CPU.ActiveCfg = Release|Any CPU
		{A834D458-BE97-4B91-8C47-D5D429C45C49}.Release|Any CPU.Build.0 = Release|Any CPU
		{0B36CD97-4F70-492F-B9B6-3D4B97B7D20C}.Debug|Any CPU.ActiveCfg = Debug|Any CPU
		{0B36CD97-4F70-492F-B9B6-3D4B97B7D20C}.Debug|Any CPU.Build.0 = Debug|Any CPU
		{0B36CD97-4F70-492F-B9B6-3D4B97B7D20C}.Release|Any CPU.ActiveCfg = Release|Any CPU
		{0B36CD97-4F70-492F-B9B6-3D4B97B7D20C}.Release|Any CPU.Build.0 = Release|Any CPU
		{C1E6A231-0884-4356-B5B1-DE7D479EC2DF}.Debug|Any CPU.ActiveCfg = Debug|Any CPU
		{C1E6A231-0884-4356-B5B1-DE7D479EC2DF}.Debug|Any CPU.Build.0 = Debug|Any CPU
		{C1E6A231-0884-4356-B5B1-DE7D479EC2DF}.Release|Any CPU.ActiveCfg = Release|Any CPU
		{C1E6A231-0884-4356-B5B1-DE7D479EC2DF}.Release|Any CPU.Build.0 = Release|Any CPU
		{0A97C6A4-78A1-4FBB-8788-AA0212EC7962}.Debug|Any CPU.ActiveCfg = Debug|Any CPU
		{0A97C6A4-78A1-4FBB-8788-AA0212EC7962}.Debug|Any CPU.Build.0 = Debug|Any CPU
		{0A97C6A4-78A1-4FBB-8788-AA0212EC7962}.Release|Any CPU.ActiveCfg = Release|Any CPU
		{0A97C6A4-78A1-4FBB-8788-AA0212EC7962}.Release|Any CPU.Build.0 = Release|Any CPU
		{8BA2B9E6-E052-46FF-916C-23D52FFA4920}.Debug|Any CPU.ActiveCfg = Debug|Any CPU
		{8BA2B9E6-E052-46FF-916C-23D52FFA4920}.Debug|Any CPU.Build.0 = Debug|Any CPU
		{8BA2B9E6-E052-46FF-916C-23D52FFA4920}.Release|Any CPU.ActiveCfg = Release|Any CPU
		{8BA2B9E6-E052-46FF-916C-23D52FFA4920}.Release|Any CPU.Build.0 = Release|Any CPU
		{6620A99B-76B3-48AC-A942-A28675EE9CB9}.Debug|Any CPU.ActiveCfg = Debug|Any CPU
		{6620A99B-76B3-48AC-A942-A28675EE9CB9}.Debug|Any CPU.Build.0 = Debug|Any CPU
		{6620A99B-76B3-48AC-A942-A28675EE9CB9}.Release|Any CPU.ActiveCfg = Release|Any CPU
		{6620A99B-76B3-48AC-A942-A28675EE9CB9}.Release|Any CPU.Build.0 = Release|Any CPU
		{71698194-ED9E-4208-A4C1-5535FE7AA9CE}.Debug|Any CPU.ActiveCfg = Debug|Any CPU
		{71698194-ED9E-4208-A4C1-5535FE7AA9CE}.Debug|Any CPU.Build.0 = Debug|Any CPU
		{71698194-ED9E-4208-A4C1-5535FE7AA9CE}.Release|Any CPU.ActiveCfg = Release|Any CPU
		{71698194-ED9E-4208-A4C1-5535FE7AA9CE}.Release|Any CPU.Build.0 = Release|Any CPU
		{9B37951E-FC3A-46D7-8A9F-F21CEB039DF1}.Debug|Any CPU.ActiveCfg = Debug|Any CPU
		{9B37951E-FC3A-46D7-8A9F-F21CEB039DF1}.Debug|Any CPU.Build.0 = Debug|Any CPU
		{9B37951E-FC3A-46D7-8A9F-F21CEB039DF1}.Release|Any CPU.ActiveCfg = Release|Any CPU
		{9B37951E-FC3A-46D7-8A9F-F21CEB039DF1}.Release|Any CPU.Build.0 = Release|Any CPU
		{C388803F-F3D8-42BF-8E87-A071A3CFE2C3}.Debug|Any CPU.ActiveCfg = Debug|Any CPU
		{C388803F-F3D8-42BF-8E87-A071A3CFE2C3}.Debug|Any CPU.Build.0 = Debug|Any CPU
		{C388803F-F3D8-42BF-8E87-A071A3CFE2C3}.Release|Any CPU.ActiveCfg = Release|Any CPU
		{C388803F-F3D8-42BF-8E87-A071A3CFE2C3}.Release|Any CPU.Build.0 = Release|Any CPU
		{891FE1B9-5961-44F9-BFA3-C40E869008D7}.Debug|Any CPU.ActiveCfg = Debug|Any CPU
		{891FE1B9-5961-44F9-BFA3-C40E869008D7}.Debug|Any CPU.Build.0 = Debug|Any CPU
		{891FE1B9-5961-44F9-BFA3-C40E869008D7}.Release|Any CPU.ActiveCfg = Release|Any CPU
		{891FE1B9-5961-44F9-BFA3-C40E869008D7}.Release|Any CPU.Build.0 = Release|Any CPU
		{50645650-4EBA-4A1C-9E53-C8063D7159AF}.Debug|Any CPU.ActiveCfg = Debug|Any CPU
		{50645650-4EBA-4A1C-9E53-C8063D7159AF}.Debug|Any CPU.Build.0 = Debug|Any CPU
		{50645650-4EBA-4A1C-9E53-C8063D7159AF}.Release|Any CPU.ActiveCfg = Release|Any CPU
		{50645650-4EBA-4A1C-9E53-C8063D7159AF}.Release|Any CPU.Build.0 = Release|Any CPU
	EndGlobalSection
	GlobalSection(SolutionProperties) = preSolution
		HideSolutionNode = FALSE
	EndGlobalSection
	GlobalSection(ExtensibilityGlobals) = postSolution
		SolutionGuid = {A76CDA05-B4B4-445C-B025-90FE577083A3}
	EndGlobalSection
EndGlobal
